
Microsoft Visual Studio Solution File, Format Version 12.00
# Visual Studio Version 16
VisualStudioVersion = 16.0.29411.108
MinimumVisualStudioVersion = 10.0.40219.1
Project("{9A19103F-16F7-4668-BE54-9A1E7A4F7556}") = "Azure.Functions.DI", "Azure.Functions.DI\Azure.Functions.DI.csproj", "{5F957B06-C259-4736-B77A-121F481BE25A}"
EndProject
Project("{FAE04EC0-301F-11D3-BF4B-00C04F79EFBC}") = "Azure.Functions.DI.Tests", "Azure.Functions.DI.Tests\Azure.Functions.DI.Tests.csproj", "{62DFA63B-8BB6-4308-B0B8-2D0F31AB39EE}"
	ProjectSection(ProjectDependencies) = postProject
		{5F957B06-C259-4736-B77A-121F481BE25A} = {5F957B06-C259-4736-B77A-121F481BE25A}
	EndProjectSection
EndProject
Global
	GlobalSection(SolutionConfigurationPlatforms) = preSolution
		Debug|Any CPU = Debug|Any CPU
		Release|Any CPU = Release|Any CPU
	EndGlobalSection
	GlobalSection(ProjectConfigurationPlatforms) = postSolution
		{5F957B06-C259-4736-B77A-121F481BE25A}.Debug|Any CPU.ActiveCfg = Debug|Any CPU
		{5F957B06-C259-4736-B77A-121F481BE25A}.Debug|Any CPU.Build.0 = Debug|Any CPU
		{5F957B06-C259-4736-B77A-121F481BE25A}.Release|Any CPU.ActiveCfg = Release|Any CPU
		{5F957B06-C259-4736-B77A-121F481BE25A}.Release|Any CPU.Build.0 = Release|Any CPU
		{62DFA63B-8BB6-4308-B0B8-2D0F31AB39EE}.Debug|Any CPU.ActiveCfg = Debug|Any CPU
		{62DFA63B-8BB6-4308-B0B8-2D0F31AB39EE}.Debug|Any CPU.Build.0 = Debug|Any CPU
		{62DFA63B-8BB6-4308-B0B8-2D0F31AB39EE}.Release|Any CPU.ActiveCfg = Release|Any CPU
		{62DFA63B-8BB6-4308-B0B8-2D0F31AB39EE}.Release|Any CPU.Build.0 = Release|Any CPU
	EndGlobalSection
	GlobalSection(SolutionProperties) = preSolution
		HideSolutionNode = FALSE
	EndGlobalSection
	GlobalSection(ExtensibilityGlobals) = postSolution
		SolutionGuid = {F90BD3F6-E536-4C47-87A6-D5A6396BB4FF}
	EndGlobalSection
EndGlobal
